
Microsoft Visual Studio Solution File, Format Version 12.00
# Visual Studio Version 16
VisualStudioVersion = 16.0.29102.190
MinimumVisualStudioVersion = 10.0.40219.1
Project("{8BC9CEB8-8B4A-11D0-8D11-00A0C91BC942}") = "Yoshi-DLC", "Yoshi-DLC\Yoshi-DLC.vcxproj", "{947B9A91-A7C4-4819-AE68-2EB3A56E9B59}"
EndProject
Global
	GlobalSection(SolutionConfigurationPlatforms) = preSolution
		Debug|x86 = Debug|x86
		Release|x86 = Release|x86
	EndGlobalSection
	GlobalSection(ProjectConfigurationPlatforms) = postSolution
		{947B9A91-A7C4-4819-AE68-2EB3A56E9B59}.Debug|x86.ActiveCfg = Debug|Win32
		{947B9A91-A7C4-4819-AE68-2EB3A56E9B59}.Debug|x86.Build.0 = Debug|Win32
		{947B9A91-A7C4-4819-AE68-2EB3A56E9B59}.Release|x86.ActiveCfg = Release|Win32
		{947B9A91-A7C4-4819-AE68-2EB3A56E9B59}.Release|x86.Build.0 = Release|Win32
	EndGlobalSection
	GlobalSection(SolutionProperties) = preSolution
		HideSolutionNode = FALSE
	EndGlobalSection
	GlobalSection(ExtensibilityGlobals) = postSolution
		SolutionGuid = {8DDD10A1-2241-4D1A-99A9-94D7F9E10769}
	EndGlobalSection
EndGlobal
